
Microsoft Visual Studio Solution File, Format Version 12.00
# Visual Studio Version 17
VisualStudioVersion = 17.3.32929.385
MinimumVisualStudioVersion = 10.0.40219.1
Project("{8BC9CEB8-8B4A-11D0-8D11-00A0C91BC942}") = "NewBank", "NewBank\NewBank.vcxproj", "{98953EA4-6F06-46AC-8DD0-942954C49B41}"
EndProject
Global
	GlobalSection(SolutionConfigurationPlatforms) = preSolution
		Debug|x64 = Debug|x64
		Debug|x86 = Debug|x86
		Release|x64 = Release|x64
		Release|x86 = Release|x86
	EndGlobalSection
	GlobalSection(ProjectConfigurationPlatforms) = postSolution
		{98953EA4-6F06-46AC-8DD0-942954C49B41}.Debug|x64.ActiveCfg = Debug|x64
		{98953EA4-6F06-46AC-8DD0-942954C49B41}.Debug|x64.Build.0 = Debug|x64
		{98953EA4-6F06-46AC-8DD0-942954C49B41}.Debug|x86.ActiveCfg = Debug|Win32
		{98953EA4-6F06-46AC-8DD0-942954C49B41}.Debug|x86.Build.0 = Debug|Win32
		{98953EA4-6F06-46AC-8DD0-942954C49B41}.Release|x64.ActiveCfg = Release|x64
		{98953EA4-6F06-46AC-8DD0-942954C49B41}.Release|x64.Build.0 = Release|x64
		{98953EA4-6F06-46AC-8DD0-942954C49B41}.Release|x86.ActiveCfg = Release|Win32
		{98953EA4-6F06-46AC-8DD0-942954C49B41}.Release|x86.Build.0 = Release|Win32
	EndGlobalSection
	GlobalSection(SolutionProperties) = preSolution
		HideSolutionNode = FALSE
	EndGlobalSection
	GlobalSection(ExtensibilityGlobals) = postSolution
		SolutionGuid = {FFED1F1D-F227-407B-BD9A-FC25908416CB}
	EndGlobalSection
EndGlobal
