
Microsoft Visual Studio Solution File, Format Version 12.00
# Visual Studio Version 17
VisualStudioVersion = 17.3.32929.385
MinimumVisualStudioVersion = 10.0.40219.1
Project("{8BC9CEB8-8B4A-11D0-8D11-00A0C91BC942}") = "validation", "testEnviroment\testEnviroment.vcxproj", "{7D13331A-2891-4224-8A69-7E7066EB59CE}"
EndProject
Project("{8BC9CEB8-8B4A-11D0-8D11-00A0C91BC942}") = "CreatingStringValidation", "CreatingStringValidation\CreatingStringValidation.vcxproj", "{17BC9FF1-B403-4232-B033-AF77657A6420}"
EndProject
Project("{8BC9CEB8-8B4A-11D0-8D11-00A0C91BC942}") = "Test", "Test\Test.vcxproj", "{94518FA6-D68D-4433-8267-BD98C5775391}"
EndProject
Project("{8BC9CEB8-8B4A-11D0-8D11-00A0C91BC942}") = "tsrqwe4qw", "tsrqwe4qw\tsrqwe4qw.vcxproj", "{1F248C38-3E6C-4067-985B-5EE71BA3DBA1}"
EndProject
Global
	GlobalSection(SolutionConfigurationPlatforms) = preSolution
		Debug|x64 = Debug|x64
		Debug|x86 = Debug|x86
		Release|x64 = Release|x64
		Release|x86 = Release|x86
	EndGlobalSection
	GlobalSection(ProjectConfigurationPlatforms) = postSolution
		{7D13331A-2891-4224-8A69-7E7066EB59CE}.Debug|x64.ActiveCfg = Debug|x64
		{7D13331A-2891-4224-8A69-7E7066EB59CE}.Debug|x64.Build.0 = Debug|x64
		{7D13331A-2891-4224-8A69-7E7066EB59CE}.Debug|x86.ActiveCfg = Debug|Win32
		{7D13331A-2891-4224-8A69-7E7066EB59CE}.Debug|x86.Build.0 = Debug|Win32
		{7D13331A-2891-4224-8A69-7E7066EB59CE}.Release|x64.ActiveCfg = Release|x64
		{7D13331A-2891-4224-8A69-7E7066EB59CE}.Release|x64.Build.0 = Release|x64
		{7D13331A-2891-4224-8A69-7E7066EB59CE}.Release|x86.ActiveCfg = Release|Win32
		{7D13331A-2891-4224-8A69-7E7066EB59CE}.Release|x86.Build.0 = Release|Win32
		{17BC9FF1-B403-4232-B033-AF77657A6420}.Debug|x64.ActiveCfg = Debug|x64
		{17BC9FF1-B403-4232-B033-AF77657A6420}.Debug|x64.Build.0 = Debug|x64
		{17BC9FF1-B403-4232-B033-AF77657A6420}.Debug|x86.ActiveCfg = Debug|Win32
		{17BC9FF1-B403-4232-B033-AF77657A6420}.Debug|x86.Build.0 = Debug|Win32
		{17BC9FF1-B403-4232-B033-AF77657A6420}.Release|x64.ActiveCfg = Release|x64
		{17BC9FF1-B403-4232-B033-AF77657A6420}.Release|x64.Build.0 = Release|x64
		{17BC9FF1-B403-4232-B033-AF77657A6420}.Release|x86.ActiveCfg = Release|Win32
		{17BC9FF1-B403-4232-B033-AF77657A6420}.Release|x86.Build.0 = Release|Win32
		{94518FA6-D68D-4433-8267-BD98C5775391}.Debug|x64.ActiveCfg = Debug|x64
		{94518FA6-D68D-4433-8267-BD98C5775391}.Debug|x64.Build.0 = Debug|x64
		{94518FA6-D68D-4433-8267-BD98C5775391}.Debug|x86.ActiveCfg = Debug|Win32
		{94518FA6-D68D-4433-8267-BD98C5775391}.Debug|x86.Build.0 = Debug|Win32
		{94518FA6-D68D-4433-8267-BD98C5775391}.Release|x64.ActiveCfg = Release|x64
		{94518FA6-D68D-4433-8267-BD98C5775391}.Release|x64.Build.0 = Release|x64
		{94518FA6-D68D-4433-8267-BD98C5775391}.Release|x86.ActiveCfg = Release|Win32
		{94518FA6-D68D-4433-8267-BD98C5775391}.Release|x86.Build.0 = Release|Win32
		{1F248C38-3E6C-4067-985B-5EE71BA3DBA1}.Debug|x64.ActiveCfg = Debug|x64
		{1F248C38-3E6C-4067-985B-5EE71BA3DBA1}.Debug|x64.Build.0 = Debug|x64
		{1F248C38-3E6C-4067-985B-5EE71BA3DBA1}.Debug|x86.ActiveCfg = Debug|Win32
		{1F248C38-3E6C-4067-985B-5EE71BA3DBA1}.Debug|x86.Build.0 = Debug|Win32
		{1F248C38-3E6C-4067-985B-5EE71BA3DBA1}.Release|x64.ActiveCfg = Release|x64
		{1F248C38-3E6C-4067-985B-5EE71BA3DBA1}.Release|x64.Build.0 = Release|x64
		{1F248C38-3E6C-4067-985B-5EE71BA3DBA1}.Release|x86.ActiveCfg = Release|Win32
		{1F248C38-3E6C-4067-985B-5EE71BA3DBA1}.Release|x86.Build.0 = Release|Win32
	EndGlobalSection
	GlobalSection(SolutionProperties) = preSolution
		HideSolutionNode = FALSE
	EndGlobalSection
	GlobalSection(ExtensibilityGlobals) = postSolution
		SolutionGuid = {496B8A7E-0E0C-4C82-8CE0-5A46A995B0FC}
	EndGlobalSection
EndGlobal
